// !$*UTF8*$!
{
	archiveVersion = 1;
	classes = {
	};
	objectVersion = 46;
	objects = {

/* Begin PBXBuildFile section */
		ED4D9B4A1DE17ABC00E4687D /* main.swift in Sources */ = {isa = PBXBuildFile; fileRef = ED4D9B491DE17ABC00E4687D /* main.swift */; };
		ED4D9B511DE182C400E4687D /* example.plist in Sources */ = {isa = PBXBuildFile; fileRef = ED4D9B501DE17CE900E4687D /* example.plist */; };
		ED4D9B531DE1A98800E4687D /* PlistConfigTemplate.txt in Sources */ = {isa = PBXBuildFile; fileRef = ED4D9B521DE1A98800E4687D /* PlistConfigTemplate.txt */; };
/* End PBXBuildFile section */

/* Begin PBXCopyFilesBuildPhase section */
		ED4D9B441DE17ABC00E4687D /* CopyFiles */ = {
			isa = PBXCopyFilesBuildPhase;
			buildActionMask = 2147483647;
			dstPath = /usr/share/man/man1/;
			dstSubfolderSpec = 0;
			files = (
			);
			runOnlyForDeploymentPostprocessing = 1;
		};
/* End PBXCopyFilesBuildPhase section */

/* Begin PBXFileReference section */
		ED4D9B461DE17ABC00E4687D /* PlistToEnum */ = {isa = PBXFileReference; explicitFileType = "compiled.mach-o.executable"; includeInIndex = 0; path = PlistToEnum; sourceTree = BUILT_PRODUCTS_DIR; };
		ED4D9B491DE17ABC00E4687D /* main.swift */ = {isa = PBXFileReference; lastKnownFileType = sourcecode.swift; path = main.swift; sourceTree = "<group>"; };
		ED4D9B501DE17CE900E4687D /* example.plist */ = {isa = PBXFileReference; lastKnownFileType = text.plist.xml; path = example.plist; sourceTree = "<group>"; };
		ED4D9B521DE1A98800E4687D /* PlistConfigTemplate.txt */ = {isa = PBXFileReference; fileEncoding = 4; lastKnownFileType = text; path = PlistConfigTemplate.txt; sourceTree = "<group>"; };
/* End PBXFileReference section */

/* Begin PBXFrameworksBuildPhase section */
		ED4D9B431DE17ABC00E4687D /* Frameworks */ = {
			isa = PBXFrameworksBuildPhase;
			buildActionMask = 2147483647;
			files = (
			);
			runOnlyForDeploymentPostprocessing = 0;
		};
/* End PBXFrameworksBuildPhase section */

/* Begin PBXGroup section */
		ED4D9B3D1DE17ABC00E4687D = {
			isa = PBXGroup;
			children = (
				ED4D9B481DE17ABC00E4687D /* PlistToEnum */,
				ED4D9B471DE17ABC00E4687D /* Products */,
			);
			sourceTree = "<group>";
		};
		ED4D9B471DE17ABC00E4687D /* Products */ = {
			isa = PBXGroup;
			children = (
				ED4D9B461DE17ABC00E4687D /* PlistToEnum */,
			);
			name = Products;
			sourceTree = "<group>";
		};
		ED4D9B481DE17ABC00E4687D /* PlistToEnum */ = {
			isa = PBXGroup;
			children = (
				ED4D9B501DE17CE900E4687D /* example.plist */,
				ED4D9B491DE17ABC00E4687D /* main.swift */,
				ED4D9B521DE1A98800E4687D /* PlistConfigTemplate.txt */,
			);
			path = PlistToEnum;
			sourceTree = "<group>";
		};
/* End PBXGroup section */

/* Begin PBXNativeTarget section */
		ED4D9B451DE17ABC00E4687D /* PlistToEnum */ = {
			isa = PBXNativeTarget;
			buildConfigurationList = ED4D9B4D1DE17ABC00E4687D /* Build configuration list for PBXNativeTarget "PlistToEnum" */;
			buildPhases = (
				ED4D9B421DE17ABC00E4687D /* Sources */,
				ED4D9B431DE17ABC00E4687D /* Frameworks */,
				ED4D9B441DE17ABC00E4687D /* CopyFiles */,
			);
			buildRules = (
			);
			dependencies = (
			);
			name = PlistToEnum;
			productName = PlistToEnum;
			productReference = ED4D9B461DE17ABC00E4687D /* PlistToEnum */;
			productType = "com.apple.product-type.tool";
		};
/* End PBXNativeTarget section */

/* Begin PBXProject section */
		ED4D9B3E1DE17ABC00E4687D /* Project object */ = {
			isa = PBXProject;
			attributes = {
				LastSwiftUpdateCheck = 0800;
				LastUpgradeCheck = 0800;
				ORGANIZATIONNAME = "Suraj Pathak";
				TargetAttributes = {
					ED4D9B451DE17ABC00E4687D = {
						CreatedOnToolsVersion = 8.0;
						DevelopmentTeam = 74HVZ53TRR;
						ProvisioningStyle = Automatic;
					};
				};
			};
			buildConfigurationList = ED4D9B411DE17ABC00E4687D /* Build configuration list for PBXProject "PlistToEnum" */;
			compatibilityVersion = "Xcode 3.2";
			developmentRegion = English;
			hasScannedForEncodings = 0;
			knownRegions = (
				en,
			);
			mainGroup = ED4D9B3D1DE17ABC00E4687D;
			productRefGroup = ED4D9B471DE17ABC00E4687D /* Products */;
			projectDirPath = "";
			projectRoot = "";
			targets = (
				ED4D9B451DE17ABC00E4687D /* PlistToEnum */,
			);
		};
/* End PBXProject section */

/* Begin PBXSourcesBuildPhase section */
		ED4D9B421DE17ABC00E4687D /* Sources */ = {
			isa = PBXSourcesBuildPhase;
			buildActionMask = 2147483647;
			files = (
				ED4D9B4A1DE17ABC00E4687D /* main.swift in Sources */,
				ED4D9B511DE182C400E4687D /* example.plist in Sources */,
				ED4D9B531DE1A98800E4687D /* PlistConfigTemplate.txt in Sources */,
			);
			runOnlyForDeploymentPostprocessing = 0;
		};
/* End PBXSourcesBuildPhase section */

/* Begin XCBuildConfiguration section */
		ED4D9B4B1DE17ABC00E4687D /* Debug */ = {
			isa = XCBuildConfiguration;
			buildSettings = {
				ALWAYS_SEARCH_USER_PATHS = NO;
				CLANG_ANALYZER_NONNULL = YES;
				CLANG_CXX_LANGUAGE_STANDARD = "gnu++0x";
				CLANG_CXX_LIBRARY = "libc++";
				CLANG_ENABLE_MODULES = YES;
				CLANG_ENABLE_OBJC_ARC = YES;
				CLANG_WARN_BOOL_CONVERSION = YES;
				CLANG_WARN_CONSTANT_CONVERSION = YES;
				CLANG_WARN_DIRECT_OBJC_ISA_USAGE = YES_ERROR;
				CLANG_WARN_DOCUMENTATION_COMMENTS = YES;
				CLANG_WARN_EMPTY_BODY = YES;
				CLANG_WARN_ENUM_CONVERSION = YES;
				CLANG_WARN_INFINITE_RECURSION = YES;
				CLANG_WARN_INT_CONVERSION = YES;
				CLANG_WARN_OBJC_ROOT_CLASS = YES_ERROR;
				CLANG_WARN_SUSPICIOUS_MOVES = YES;
				CLANG_WARN_UNREACHABLE_CODE = YES;
				CLANG_WARN__DUPLICATE_METHOD_MATCH = YES;
				CODE_SIGN_IDENTITY = "-";
				COPY_PHASE_STRIP = NO;
				DEBUG_INFORMATION_FORMAT = dwarf;
				ENABLE_STRICT_OBJC_MSGSEND = YES;
				ENABLE_TESTABILITY = YES;
				GCC_C_LANGUAGE_STANDARD = gnu99;
				GCC_DYNAMIC_NO_PIC = NO;
				GCC_NO_COMMON_BLOCKS = YES;
				GCC_OPTIMIZATION_LEVEL = 0;
				GCC_PREPROCESSOR_DEFINITIONS = (
					"DEBUG=1",
					"$(inherited)",
				);
				GCC_WARN_64_TO_32_BIT_CONVERSION = YES;
				GCC_WARN_ABOUT_RETURN_TYPE = YES_ERROR;
				GCC_WARN_UNDECLARED_SELECTOR = YES;
				GCC_WARN_UNINITIALIZED_AUTOS = YES_AGGRESSIVE;
				GCC_WARN_UNUSED_FUNCTION = YES;
				GCC_WARN_UNUSED_VARIABLE = YES;
				MACOSX_DEPLOYMENT_TARGET = 10.11;
				MTL_ENABLE_DEBUG_INFO = YES;
				ONLY_ACTIVE_ARCH = YES;
				SDKROOT = macosx;
				SWIFT_OPTIMIZATION_LEVEL = "-Onone";
			};
			name = Debug;
		};
		ED4D9B4C1DE17ABC00E4687D /* Release */ = {
			isa = XCBuildConfiguration;
			buildSettings = {
				ALWAYS_SEARCH_USER_PATHS = NO;
				CLANG_ANALYZER_NONNULL = YES;
				CLANG_CXX_LANGUAGE_STANDARD = "gnu++0x";
				CLANG_CXX_LIBRARY = "libc++";
				CLANG_ENABLE_MODULES = YES;
				CLANG_ENABLE_OBJC_ARC = YES;
				CLANG_WARN_BOOL_CONVERSION = YES;
				CLANG_WARN_CONSTANT_CONVERSION = YES;
				CLANG_WARN_DIRECT_OBJC_ISA_USAGE = YES_ERROR;
				CLANG_WARN_DOCUMENTATION_COMMENTS = YES;
				CLANG_WARN_EMPTY_BODY = YES;
				CLANG_WARN_ENUM_CONVERSION = YES;
				CLANG_WARN_INFINITE_RECURSION = YES;
				CLANG_WARN_INT_CONVERSION = YES;
				CLANG_WARN_OBJC_ROOT_CLASS = YES_ERROR;
				CLANG_WARN_SUSPICIOUS_MOVES = YES;
				CLANG_WARN_UNREACHABLE_CODE = YES;
				CLANG_WARN__DUPLICATE_METHOD_MATCH = YES;
				CODE_SIGN_IDENTITY = "-";
				COPY_PHASE_STRIP = NO;
				DEBUG_INFORMATION_FORMAT = "dwarf-with-dsym";
				ENABLE_NS_ASSERTIONS = NO;
				ENABLE_STRICT_OBJC_MSGSEND = YES;
				GCC_C_LANGUAGE_STANDARD = gnu99;
				GCC_NO_COMMON_BLOCKS = YES;
				GCC_WARN_64_TO_32_BIT_CONVERSION = YES;
				GCC_WARN_ABOUT_RETURN_TYPE = YES_ERROR;
				GCC_WARN_UNDECLARED_SELECTOR = YES;
				GCC_WARN_UNINITIALIZED_AUTOS = YES_AGGRESSIVE;
				GCC_WARN_UNUSED_FUNCTION = YES;
				GCC_WARN_UNUSED_VARIABLE = YES;
				MACOSX_DEPLOYMENT_TARGET = 10.11;
				MTL_ENABLE_DEBUG_INFO = NO;
				SDKROOT = macosx;
			};
			name = Release;
		};
		ED4D9B4E1DE17ABC00E4687D /* Debug */ = {
			isa = XCBuildConfiguration;
			buildSettings = {
				DEVELOPMENT_TEAM = 74HVZ53TRR;
				PRODUCT_NAME = "$(TARGET_NAME)";
				SWIFT_VERSION = 3.0;
			};
			name = Debug;
		};
		ED4D9B4F1DE17ABC00E4687D /* Release */ = {
			isa = XCBuildConfiguration;
			buildSettings = {
				DEVELOPMENT_TEAM = 74HVZ53TRR;
				PRODUCT_NAME = "$(TARGET_NAME)";
				SWIFT_VERSION = 3.0;
			};
			name = Release;
		};
/* End XCBuildConfiguration section */

/* Begin XCConfigurationList section */
		ED4D9B411DE17ABC00E4687D /* Build configuration list for PBXProject "PlistToEnum" */ = {
			isa = XCConfigurationList;
			buildConfigurations = (
				ED4D9B4B1DE17ABC00E4687D /* Debug */,
				ED4D9B4C1DE17ABC00E4687D /* Release */,
			);
			defaultConfigurationIsVisible = 0;
			defaultConfigurationName = Release;
		};
		ED4D9B4D1DE17ABC00E4687D /* Build configuration list for PBXNativeTarget "PlistToEnum" */ = {
			isa = XCConfigurationList;
			buildConfigurations = (
				ED4D9B4E1DE17ABC00E4687D /* Debug */,
				ED4D9B4F1DE17ABC00E4687D /* Release */,
			);
			defaultConfigurationIsVisible = 0;
		};
/* End XCConfigurationList section */
	};
	rootObject = ED4D9B3E1DE17ABC00E4687D /* Project object */;
}
